
Microsoft Visual Studio Solution File, Format Version 12.00
# Visual Studio Version 17
VisualStudioVersion = 17.2.32630.192
MinimumVisualStudioVersion = 10.0.40219.1
Project("{9A19103F-16F7-4668-BE54-9A1E7A4F7556}") = "TestProject1", "TestProject1\TestProject1.csproj", "{F614C0A4-B188-45DC-9782-A1CF97E6A054}"
EndProject
Project("{FAE04EC0-301F-11D3-BF4B-00C04F79EFBC}") = "WebAPI", "WebAPI\WebAPI.csproj", "{A607A745-966F-46D7-9ADA-A7BE0F55D1EF}"
EndProject
Global
	GlobalSection(SolutionConfigurationPlatforms) = preSolution
		Debug|Any CPU = Debug|Any CPU
		Release|Any CPU = Release|Any CPU
	EndGlobalSection
	GlobalSection(ProjectConfigurationPlatforms) = postSolution
		{F614C0A4-B188-45DC-9782-A1CF97E6A054}.Debug|Any CPU.ActiveCfg = Debug|Any CPU
		{F614C0A4-B188-45DC-9782-A1CF97E6A054}.Debug|Any CPU.Build.0 = Debug|Any CPU
		{F614C0A4-B188-45DC-9782-A1CF97E6A054}.Release|Any CPU.ActiveCfg = Release|Any CPU
		{F614C0A4-B188-45DC-9782-A1CF97E6A054}.Release|Any CPU.Build.0 = Release|Any CPU
		{A607A745-966F-46D7-9ADA-A7BE0F55D1EF}.Debug|Any CPU.ActiveCfg = Debug|Any CPU
		{A607A745-966F-46D7-9ADA-A7BE0F55D1EF}.Debug|Any CPU.Build.0 = Debug|Any CPU
		{A607A745-966F-46D7-9ADA-A7BE0F55D1EF}.Release|Any CPU.ActiveCfg = Release|Any CPU
		{A607A745-966F-46D7-9ADA-A7BE0F55D1EF}.Release|Any CPU.Build.0 = Release|Any CPU
	EndGlobalSection
	GlobalSection(SolutionProperties) = preSolution
		HideSolutionNode = FALSE
	EndGlobalSection
	GlobalSection(ExtensibilityGlobals) = postSolution
		SolutionGuid = {ABF4E8B9-5E9D-40DA-8F79-14A89950C43C}
	EndGlobalSection
EndGlobal
